PODS:
  - Flutter (1.0.0)
  - integration_test (0.0.1):
    - Flutter
  - shorts_hls_player (0.0.1):
    - Flutter

DEPENDENCIES:
  - Flutter (from `Flutter`)
  - integration_test (from `.symlinks/plugins/integration_test/ios`)
  - shorts_hls_player (from `.symlinks/plugins/shorts_hls_player/ios`)

EXTERNAL SOURCES:
  Flutter:
    :path: Flutter
  integration_test:
    :path: ".symlinks/plugins/integration_test/ios"
  shorts_hls_player:
    :path: ".symlinks/plugins/shorts_hls_player/ios"

SPEC CHECKSUMS:
  Flutter: cabc95a1d2626b1b06e7179b784ebcf0c0cde467
  integration_test: 4a889634ef21a45d28d50d622cf412dc6d9f586e
  shorts_hls_player: 8241d23f75538ec554549333ec732fac19816a45

PODFILE CHECKSUM: 890d3fb498d11228533514f9e9c19ea237ff7bc8

COCOAPODS: 1.16.2
